
Microsoft Visual Studio Solution File, Format Version 12.00
# Visual Studio Version 17
VisualStudioVersion = 17.4.33403.182
MinimumVisualStudioVersion = 10.0.40219.1
Project("{FAE04EC0-301F-11D3-BF4B-00C04F79EFBC}") = "GUIA_3_SEMANA_6_EJERCICIO_2", "GUIA_3_SEMANA_6_EJERCICIO_2\GUIA_3_SEMANA_6_EJERCICIO_2.csproj", "{C2D6EEA4-18CC-43C1-927F-D4C077194D58}"
EndProject
Global
	GlobalSection(SolutionConfigurationPlatforms) = preSolution
		Debug|Any CPU = Debug|Any CPU
		Release|Any CPU = Release|Any CPU
	EndGlobalSection
	GlobalSection(ProjectConfigurationPlatforms) = postSolution
		{C2D6EEA4-18CC-43C1-927F-D4C077194D58}.Debug|Any CPU.ActiveCfg = Debug|Any CPU
		{C2D6EEA4-18CC-43C1-927F-D4C077194D58}.Debug|Any CPU.Build.0 = Debug|Any CPU
		{C2D6EEA4-18CC-43C1-927F-D4C077194D58}.Release|Any CPU.ActiveCfg = Release|Any CPU
		{C2D6EEA4-18CC-43C1-927F-D4C077194D58}.Release|Any CPU.Build.0 = Release|Any CPU
	EndGlobalSection
	GlobalSection(SolutionProperties) = preSolution
		HideSolutionNode = FALSE
	EndGlobalSection
	GlobalSection(ExtensibilityGlobals) = postSolution
		SolutionGuid = {91D475BF-B253-4F48-B02E-675F1855E9C6}
	EndGlobalSection
EndGlobal
